
Microsoft Visual Studio Solution File, Format Version 12.00
# Visual Studio Version 17
VisualStudioVersion = 17.10.35013.160
MinimumVisualStudioVersion = 10.0.40219.1
Project("{FAE04EC0-301F-11D3-BF4B-00C04F79EFBC}") = "Lw7.2", "Lw7.2\Lw7.2.csproj", "{99B31B76-F8AC-44B5-BA65-5A368E1FA274}"
EndProject
Global
	GlobalSection(SolutionConfigurationPlatforms) = preSolution
		Debug|Any CPU = Debug|Any CPU
		Release|Any CPU = Release|Any CPU
	EndGlobalSection
	GlobalSection(ProjectConfigurationPlatforms) = postSolution
		{99B31B76-F8AC-44B5-BA65-5A368E1FA274}.Debug|Any CPU.ActiveCfg = Debug|Any CPU
		{99B31B76-F8AC-44B5-BA65-5A368E1FA274}.Debug|Any CPU.Build.0 = Debug|Any CPU
		{99B31B76-F8AC-44B5-BA65-5A368E1FA274}.Release|Any CPU.ActiveCfg = Release|Any CPU
		{99B31B76-F8AC-44B5-BA65-5A368E1FA274}.Release|Any CPU.Build.0 = Release|Any CPU
	EndGlobalSection
	GlobalSection(SolutionProperties) = preSolution
		HideSolutionNode = FALSE
	EndGlobalSection
	GlobalSection(ExtensibilityGlobals) = postSolution
		SolutionGuid = {5A099CA3-268D-46A0-8594-CEAAC6B1392D}
	EndGlobalSection
EndGlobal
